// !$*UTF8*$!
{
	archiveVersion = 1;
	classes = {
	};
	objectVersion = 46;
	objects = {

/* Begin PBXBuildFile section */
		006D720419952D00008149E2 /* AVFoundation.framework in Frameworks */ = {isa = PBXBuildFile; fileRef = 006D720219952D00008149E2 /* AVFoundation.framework */; };
		006D720519952D00008149E2 /* CoreMedia.framework in Frameworks */ = {isa = PBXBuildFile; fileRef = 006D720319952D00008149E2 /* CoreMedia.framework */; };
		0091D8F90E81B9330029341E /* OpenGL.framework in Frameworks */ = {isa = PBXBuildFile; fileRef = 0091D8F80E81B9330029341E /* OpenGL.framework */; };
		00B784B30FF439BC000DE1D7 /* Accelerate.framework in Frameworks */ = {isa = PBXBuildFile; fileRef = 00B784AF0FF439BC000DE1D7 /* Accelerate.framework */; };
		00B784B40FF439BC000DE1D7 /* AudioToolbox.framework in Frameworks */ = {isa = PBXBuildFile; fileRef = 00B784B00FF439BC000DE1D7 /* AudioToolbox.framework */; };
		00B784B50FF439BC000DE1D7 /* AudioUnit.framework in Frameworks */ = {isa = PBXBuildFile; fileRef = 00B784B10FF439BC000DE1D7 /* AudioUnit.framework */; };
		00B784B60FF439BC000DE1D7 /* CoreAudio.framework in Frameworks */ = {isa = PBXBuildFile; fileRef = 00B784B20FF439BC000DE1D7 /* CoreAudio.framework */; };
		00B9955A1B128DF400A5C623 /* IOKit.framework in Frameworks */ = {isa = PBXBuildFile; fileRef = 00B995581B128DF400A5C623 /* IOKit.framework */; };
		00B9955B1B128DF400A5C623 /* IOSurface.framework in Frameworks */ = {isa = PBXBuildFile; fileRef = 00B995591B128DF400A5C623 /* IOSurface.framework */; };
		4D17ADABCB18461EBACEE747 /* TestApp.cpp in Sources */ = {isa = PBXBuildFile; fileRef = C8AF23B17F684DB8AFA65A71 /* TestApp.cpp */; };
		5323E6B20EAFCA74003A9687 /* CoreVideo.framework in Frameworks */ = {isa = PBXBuildFile; fileRef = 5323E6B10EAFCA74003A9687 /* CoreVideo.framework */; };
		8D11072F0486CEB800E47090 /* Cocoa.framework in Frameworks */ = {isa = PBXBuildFile; fileRef = 1058C7A1FEA54F0111CA2CBB /* Cocoa.framework */; };
		C2B732C2B32949CEA22ABC28 /* CinderApp.icns in Resources */ = {isa = PBXBuildFile; fileRef = 82C75EE3CF2A497BAF764BB9 /* CinderApp.icns */; };
/* End PBXBuildFile section */

/* Begin PBXFileReference section */
		006D720219952D00008149E2 /* AVFoundation.framework */ = {isa = PBXFileReference; lastKnownFileType = wrapper.framework; name = AVFoundation.framework; path = System/Library/Frameworks/AVFoundation.framework; sourceTree = SDKROOT; };
		006D720319952D00008149E2 /* CoreMedia.framework */ = {isa = PBXFileReference; lastKnownFileType = wrapper.framework; name = CoreMedia.framework; path = System/Library/Frameworks/CoreMedia.framework; sourceTree = SDKROOT; };
		0091D8F80E81B9330029341E /* OpenGL.framework */ = {isa = PBXFileReference; lastKnownFileType = wrapper.framework; name = OpenGL.framework; path = /System/Library/Frameworks/OpenGL.framework; sourceTree = "<absolute>"; };
		00B784AF0FF439BC000DE1D7 /* Accelerate.framework */ = {isa = PBXFileReference; lastKnownFileType = wrapper.framework; name = Accelerate.framework; path = System/Library/Frameworks/Accelerate.framework; sourceTree = SDKROOT; };
		00B784B00FF439BC000DE1D7 /* AudioToolbox.framework */ = {isa = PBXFileReference; lastKnownFileType = wrapper.framework; name = AudioToolbox.framework; path = System/Library/Frameworks/AudioToolbox.framework; sourceTree = SDKROOT; };
		00B784B10FF439BC000DE1D7 /* AudioUnit.framework */ = {isa = PBXFileReference; lastKnownFileType = wrapper.framework; name = AudioUnit.framework; path = System/Library/Frameworks/AudioUnit.framework; sourceTree = SDKROOT; };
		00B784B20FF439BC000DE1D7 /* CoreAudio.framework */ = {isa = PBXFileReference; lastKnownFileType = wrapper.framework; name = CoreAudio.framework; path = System/Library/Frameworks/CoreAudio.framework; sourceTree = SDKROOT; };
		00B995581B128DF400A5C623 /* IOKit.framework */ = {isa = PBXFileReference; lastKnownFileType = wrapper.framework; name = IOKit.framework; path = System/Library/Frameworks/IOKit.framework; sourceTree = SDKROOT; };
		00B995591B128DF400A5C623 /* IOSurface.framework */ = {isa = PBXFileReference; lastKnownFileType = wrapper.framework; name = IOSurface.framework; path = System/Library/Frameworks/IOSurface.framework; sourceTree = SDKROOT; };
		05B54FE18C5A45B0B76ADC81 /* pango-font.h */ = {isa = PBXFileReference; lastKnownFileType = sourcecode.c.h; name = "pango-font.h"; path = "../../../include/macosx/pango-1.0/pango/pango-font.h"; sourceTree = "<group>"; };
		08B539AF0EF64D9690826DF2 /* pango-gravity.h */ = {isa = PBXFileReference; lastKnownFileType = sourcecode.c.h; name = "pango-gravity.h"; path = "../../../include/macosx/pango-1.0/pango/pango-gravity.h"; sourceTree = "<group>"; };
		0B2B48A6ABF44CC5808210C8 /* pango-types.h */ = {isa = PBXFileReference; lastKnownFileType = sourcecode.c.h; name = "pango-types.h"; path = "../../../include/macosx/pango-1.0/pango/pango-types.h"; sourceTree = "<group>"; };
		0EB743AA5C5F4CF3B446373B /* pangofc-font.h */ = {isa = PBXFileReference; lastKnownFileType = sourcecode.c.h; name = "pangofc-font.h"; path = "../../../include/macosx/pango-1.0/pango/pangofc-font.h"; sourceTree = "<group>"; };
		1058C7A1FEA54F0111CA2CBB /* Cocoa.framework */ = {isa = PBXFileReference; lastKnownFileType = wrapper.framework; name = Cocoa.framework; path = /System/Library/Frameworks/Cocoa.framework; sourceTree = "<absolute>"; };
		116C421B5AA14453A811138F /* hb-shape-plan.h */ = {isa = PBXFileReference; lastKnownFileType = sourcecode.c.h; name = "hb-shape-plan.h"; path = "../../../include/macosx/harfbuzz/hb-shape-plan.h"; sourceTree = "<group>"; };
		150382CC1BFD4D31999CB05D /* pango-glyph-item.h */ = {isa = PBXFileReference; lastKnownFileType = sourcecode.c.h; name = "pango-glyph-item.h"; path = "../../../include/macosx/pango-1.0/pango/pango-glyph-item.h"; sourceTree = "<group>"; };
		157A9F0677B54028B5789D62 /* hb-gobject-structs.h */ = {isa = PBXFileReference; lastKnownFileType = sourcecode.c.h; name = "hb-gobject-structs.h"; path = "../../../include/macosx/harfbuzz/hb-gobject-structs.h"; sourceTree = "<group>"; };
		1EB6CD024C2E4F78A4823F30 /* hb-blob.h */ = {isa = PBXFileReference; lastKnownFileType = sourcecode.c.h; name = "hb-blob.h"; path = "../../../include/macosx/harfbuzz/hb-blob.h"; sourceTree = "<group>"; };
		29635B81AF1044D2AB686336 /* pango-fontset.h */ = {isa = PBXFileReference; lastKnownFileType = sourcecode.c.h; name = "pango-fontset.h"; path = "../../../include/macosx/pango-1.0/pango/pango-fontset.h"; sourceTree = "<group>"; };
		29B97324FDCFA39411CA2CEA /* AppKit.framework */ = {isa = PBXFileReference; lastKnownFileType = wrapper.framework; name = AppKit.framework; path = /System/Library/Frameworks/AppKit.framework; sourceTree = "<absolute>"; };
		29B97325FDCFA39411CA2CEA /* Foundation.framework */ = {isa = PBXFileReference; lastKnownFileType = wrapper.framework; name = Foundation.framework; path = /System/Library/Frameworks/Foundation.framework; sourceTree = "<absolute>"; };
		3051A76D93E849FBB27FD77A /* pango-break.h */ = {isa = PBXFileReference; lastKnownFileType = sourcecode.c.h; name = "pango-break.h"; path = "../../../include/macosx/pango-1.0/pango/pango-break.h"; sourceTree = "<group>"; };
		36392ED994D446E1A78C56AA /* hb-gobject-enums.h */ = {isa = PBXFileReference; lastKnownFileType = sourcecode.c.h; name = "hb-gobject-enums.h"; path = "../../../include/macosx/harfbuzz/hb-gobject-enums.h"; sourceTree = "<group>"; };
		3932B197D338459F99E1EA11 /* hb-ot-layout.h */ = {isa = PBXFileReference; lastKnownFileType = sourcecode.c.h; name = "hb-ot-layout.h"; path = "../../../include/macosx/harfbuzz/hb-ot-layout.h"; sourceTree = "<group>"; };
		3CC404A312B94CF19E9F6CF9 /* hb-set.h */ = {isa = PBXFileReference; lastKnownFileType = sourcecode.c.h; name = "hb-set.h"; path = "../../../include/macosx/harfbuzz/hb-set.h"; sourceTree = "<group>"; };
		494D4B8E63D7409B8726122C /* hb-unicode.h */ = {isa = PBXFileReference; lastKnownFileType = sourcecode.c.h; name = "hb-unicode.h"; path = "../../../include/macosx/harfbuzz/hb-unicode.h"; sourceTree = "<group>"; };
		4AF3A17022DE472181C04800 /* pango-ot.h */ = {isa = PBXFileReference; lastKnownFileType = sourcecode.c.h; name = "pango-ot.h"; path = "../../../include/macosx/pango-1.0/pango/pango-ot.h"; sourceTree = "<group>"; };
		4F0A50E5FD534E2B87B3AF5B /* pango-renderer.h */ = {isa = PBXFileReference; lastKnownFileType = sourcecode.c.h; name = "pango-renderer.h"; path = "../../../include/macosx/pango-1.0/pango/pango-renderer.h"; sourceTree = "<group>"; };
		53006A8E5188408DBEACF3BB /* pangocoretext.h */ = {isa = PBXFileReference; lastKnownFileType = sourcecode.c.h; name = pangocoretext.h; path = "../../../include/macosx/pango-1.0/pango/pangocoretext.h"; sourceTree = "<group>"; };
		5323E6B10EAFCA74003A9687 /* CoreVideo.framework */ = {isa = PBXFileReference; lastKnownFileType = wrapper.framework; name = CoreVideo.framework; path = /System/Library/Frameworks/CoreVideo.framework; sourceTree = "<absolute>"; };
		544286CEBA31446FAE9D650A /* pango-fontmap.h */ = {isa = PBXFileReference; lastKnownFileType = sourcecode.c.h; name = "pango-fontmap.h"; path = "../../../include/macosx/pango-1.0/pango/pango-fontmap.h"; sourceTree = "<group>"; };
		56A716FABE7C457ABD4D9114 /* pango-engine.h */ = {isa = PBXFileReference; lastKnownFileType = sourcecode.c.h; name = "pango-engine.h"; path = "../../../include/macosx/pango-1.0/pango/pango-engine.h"; sourceTree = "<group>"; };
		5809A2EF559D41AF89249CD6 /* pango-utils.h */ = {isa = PBXFileReference; lastKnownFileType = sourcecode.c.h; name = "pango-utils.h"; path = "../../../include/macosx/pango-1.0/pango/pango-utils.h"; sourceTree = "<group>"; };
		593180F243B44703AE9B675D /* pango-matrix.h */ = {isa = PBXFileReference; lastKnownFileType = sourcecode.c.h; name = "pango-matrix.h"; path = "../../../include/macosx/pango-1.0/pango/pango-matrix.h"; sourceTree = "<group>"; };
		5E9DD5CA4D5344B982BC2B41 /* hb-deprecated.h */ = {isa = PBXFileReference; lastKnownFileType = sourcecode.c.h; name = "hb-deprecated.h"; path = "../../../include/macosx/harfbuzz/hb-deprecated.h"; sourceTree = "<group>"; };
		60B099BBB25745B7B4CA07E9 /* pango-modules.h */ = {isa = PBXFileReference; lastKnownFileType = sourcecode.c.h; name = "pango-modules.h"; path = "../../../include/macosx/pango-1.0/pango/pango-modules.h"; sourceTree = "<group>"; };
		621045BE86C34E94A3D758AD /* pangocairo.h */ = {isa = PBXFileReference; lastKnownFileType = sourcecode.c.h; name = pangocairo.h; path = "../../../include/macosx/pango-1.0/pango/pangocairo.h"; sourceTree = "<group>"; };
		64965326B3294591AA63AA22 /* hb-ot.h */ = {isa = PBXFileReference; lastKnownFileType = sourcecode.c.h; name = "hb-ot.h"; path = "../../../include/macosx/harfbuzz/hb-ot.h"; sourceTree = "<group>"; };
		72835544E5B547E2A4A4F15F /* pangoft2.h */ = {isa = PBXFileReference; lastKnownFileType = sourcecode.c.h; name = pangoft2.h; path = "../../../include/macosx/pango-1.0/pango/pangoft2.h"; sourceTree = "<group>"; };
		74C2C699DF5C485499CB5554 /* pango-item.h */ = {isa = PBXFileReference; lastKnownFileType = sourcecode.c.h; name = "pango-item.h"; path = "../../../include/macosx/pango-1.0/pango/pango-item.h"; sourceTree = "<group>"; };
		7E2E4D2A9A594D9FBC174A8B /* hb-font.h */ = {isa = PBXFileReference; lastKnownFileType = sourcecode.c.h; name = "hb-font.h"; path = "../../../include/macosx/harfbuzz/hb-font.h"; sourceTree = "<group>"; };
		82C75EE3CF2A497BAF764BB9 /* CinderApp.icns */ = {isa = PBXFileReference; lastKnownFileType = image.icns; name = CinderApp.icns; path = ../resources/CinderApp.icns; sourceTree = "<group>"; };
		8C000803544D450A826C043D /* hb-gobject.h */ = {isa = PBXFileReference; lastKnownFileType = sourcecode.c.h; name = "hb-gobject.h"; path = "../../../include/macosx/harfbuzz/hb-gobject.h"; sourceTree = "<group>"; };
		8D1107320486CEB800E47090 /* Test.app */ = {isa = PBXFileReference; explicitFileType = wrapper.application; includeInIndex = 0; path = Test.app; sourceTree = BUILT_PRODUCTS_DIR; };
		92E1538392DC42D0B86480CD /* hb-glib.h */ = {isa = PBXFileReference; lastKnownFileType = sourcecode.c.h; name = "hb-glib.h"; path = "../../../include/macosx/harfbuzz/hb-glib.h"; sourceTree = "<group>"; };
		93A14E53EBFE41F88AFCF2A0 /* pango-glyph.h */ = {isa = PBXFileReference; lastKnownFileType = sourcecode.c.h; name = "pango-glyph.h"; path = "../../../include/macosx/pango-1.0/pango/pango-glyph.h"; sourceTree = "<group>"; };
		9706159F441E40A4987D0EA1 /* hb-common.h */ = {isa = PBXFileReference; lastKnownFileType = sourcecode.c.h; name = "hb-common.h"; path = "../../../include/macosx/harfbuzz/hb-common.h"; sourceTree = "<group>"; };
		9ECE9A4D7062422EB04A1365 /* hb-face.h */ = {isa = PBXFileReference; lastKnownFileType = sourcecode.c.h; name = "hb-face.h"; path = "../../../include/macosx/harfbuzz/hb-face.h"; sourceTree = "<group>"; };
		A31F0DA144D640BB8A238497 /* pango-tabs.h */ = {isa = PBXFileReference; lastKnownFileType = sourcecode.c.h; name = "pango-tabs.h"; path = "../../../include/macosx/pango-1.0/pango/pango-tabs.h"; sourceTree = "<group>"; };
		AEF6551384C0443D925D687E /* Resources.h */ = {isa = PBXFileReference; lastKnownFileType = sourcecode.c.h; name = Resources.h; path = ../include/Resources.h; sourceTree = "<group>"; };
		BA8FBAA0DD654745AF25FE20 /* hb-ot-font.h */ = {isa = PBXFileReference; lastKnownFileType = sourcecode.c.h; name = "hb-ot-font.h"; path = "../../../include/macosx/harfbuzz/hb-ot-font.h"; sourceTree = "<group>"; };
		BD73638BD7D3429CB1EF27DE /* pango-coverage.h */ = {isa = PBXFileReference; lastKnownFileType = sourcecode.c.h; name = "pango-coverage.h"; path = "../../../include/macosx/pango-1.0/pango/pango-coverage.h"; sourceTree = "<group>"; };
		BE10C4F31A0A497292F6757F /* hb-ft.h */ = {isa = PBXFileReference; lastKnownFileType = sourcecode.c.h; name = "hb-ft.h"; path = "../../../include/macosx/harfbuzz/hb-ft.h"; sourceTree = "<group>"; };
		C1424137DB0D495E81A167EB /* hb-ot-tag.h */ = {isa = PBXFileReference; lastKnownFileType = sourcecode.c.h; name = "hb-ot-tag.h"; path = "../../../include/macosx/harfbuzz/hb-ot-tag.h"; sourceTree = "<group>"; };
		C29647D538F54D4E8865BBA0 /* hb-shape.h */ = {isa = PBXFileReference; lastKnownFileType = sourcecode.c.h; name = "hb-shape.h"; path = "../../../include/macosx/harfbuzz/hb-shape.h"; sourceTree = "<group>"; };
		C39DF4CF5156400289D86D1A /* Test_Prefix.pch */ = {isa = PBXFileReference; lastKnownFileType = "\"\""; path = Test_Prefix.pch; sourceTree = "<group>"; };
		C8AF23B17F684DB8AFA65A71 /* TestApp.cpp */ = {isa = PBXFileReference; lastKnownFileType = sourcecode.c.cpp; name = TestApp.cpp; path = ../src/TestApp.cpp; sourceTree = "<group>"; };
		C9FAEB6D43A646E78CC91E9D /* pango-attributes.h */ = {isa = PBXFileReference; lastKnownFileType = sourcecode.c.h; name = "pango-attributes.h"; path = "../../../include/macosx/pango-1.0/pango/pango-attributes.h"; sourceTree = "<group>"; };
		CF29E83CDFB240D2A7ED4166 /* pango-bidi-type.h */ = {isa = PBXFileReference; lastKnownFileType = sourcecode.c.h; name = "pango-bidi-type.h"; path = "../../../include/macosx/pango-1.0/pango/pango-bidi-type.h"; sourceTree = "<group>"; };
		D775F35CEC404807BC05620A /* pango-enum-types.h */ = {isa = PBXFileReference; lastKnownFileType = sourcecode.c.h; name = "pango-enum-types.h"; path = "../../../include/macosx/pango-1.0/pango/pango-enum-types.h"; sourceTree = "<group>"; };
		D7874FD42BAD480F9B0F67DA /* hb.h */ = {isa = PBXFileReference; lastKnownFileType = sourcecode.c.h; name = hb.h; path = ../../../include/macosx/harfbuzz/hb.h; sourceTree = "<group>"; };
		D955E3A1486F4DC19E422FBA /* hb-ot-shape.h */ = {isa = PBXFileReference; lastKnownFileType = sourcecode.c.h; name = "hb-ot-shape.h"; path = "../../../include/macosx/harfbuzz/hb-ot-shape.h"; sourceTree = "<group>"; };
		DBD58A421DB94E9C8970B72D /* pangofc-fontmap.h */ = {isa = PBXFileReference; lastKnownFileType = sourcecode.c.h; name = "pangofc-fontmap.h"; path = "../../../include/macosx/pango-1.0/pango/pangofc-fontmap.h"; sourceTree = "<group>"; };
		E1BE81CDD80B4F5EB34F1906 /* Info.plist */ = {isa = PBXFileReference; lastKnownFileType = text.plist.xml; path = Info.plist; sourceTree = "<group>"; };
		E231445B8E4D40548972457D /* pango-language.h */ = {isa = PBXFileReference; lastKnownFileType = sourcecode.c.h; name = "pango-language.h"; path = "../../../include/macosx/pango-1.0/pango/pango-language.h"; sourceTree = "<group>"; };
		E972A8EB33CE4301AD556172 /* pango-context.h */ = {isa = PBXFileReference; lastKnownFileType = sourcecode.c.h; name = "pango-context.h"; path = "../../../include/macosx/pango-1.0/pango/pango-context.h"; sourceTree = "<group>"; };
		ECFAC0CBF50945AFA8C9F79A /* pango-features.h */ = {isa = PBXFileReference; lastKnownFileType = sourcecode.c.h; name = "pango-features.h"; path = "../../../include/macosx/pango-1.0/pango/pango-features.h"; sourceTree = "<group>"; };
		F0684FCF99B549E4807E31A0 /* pango.h */ = {isa = PBXFileReference; lastKnownFileType = sourcecode.c.h; name = pango.h; path = "../../../include/macosx/pango-1.0/pango/pango.h"; sourceTree = "<group>"; };
		F233D79B80434223A687575B /* pango-script.h */ = {isa = PBXFileReference; lastKnownFileType = sourcecode.c.h; name = "pango-script.h"; path = "../../../include/macosx/pango-1.0/pango/pango-script.h"; sourceTree = "<group>"; };
		F5CE3D80935044AA816CCC8C /* hb-buffer.h */ = {isa = PBXFileReference; lastKnownFileType = sourcecode.c.h; name = "hb-buffer.h"; path = "../../../include/macosx/harfbuzz/hb-buffer.h"; sourceTree = "<group>"; };
		F71D5E4E2C4C4E0186B40096 /* pango-layout.h */ = {isa = PBXFileReference; lastKnownFileType = sourcecode.c.h; name = "pango-layout.h"; path = "../../../include/macosx/pango-1.0/pango/pango-layout.h"; sourceTree = "<group>"; };
		FBAC1F1E526D4EFFB4D5B67F /* pangofc-decoder.h */ = {isa = PBXFileReference; lastKnownFileType = sourcecode.c.h; name = "pangofc-decoder.h"; path = "../../../include/macosx/pango-1.0/pango/pangofc-decoder.h"; sourceTree = "<group>"; };
		FD72BD4C0DE2498E9B2F568B /* hb-coretext.h */ = {isa = PBXFileReference; lastKnownFileType = sourcecode.c.h; name = "hb-coretext.h"; path = "../../../include/macosx/harfbuzz/hb-coretext.h"; sourceTree = "<group>"; };
		FDE5312521BD423F88FFDB7E /* hb-version.h */ = {isa = PBXFileReference; lastKnownFileType = sourcecode.c.h; name = "hb-version.h"; path = "../../../include/macosx/harfbuzz/hb-version.h"; sourceTree = "<group>"; };
/* End PBXFileReference section */

/* Begin PBXFrameworksBuildPhase section */
		8D11072E0486CEB800E47090 /* Frameworks */ = {
			isa = PBXFrameworksBuildPhase;
			buildActionMask = 2147483647;
			files = (
				006D720419952D00008149E2 /* AVFoundation.framework in Frameworks */,
				006D720519952D00008149E2 /* CoreMedia.framework in Frameworks */,
				8D11072F0486CEB800E47090 /* Cocoa.framework in Frameworks */,
				0091D8F90E81B9330029341E /* OpenGL.framework in Frameworks */,
				5323E6B20EAFCA74003A9687 /* CoreVideo.framework in Frameworks */,
				00B784B30FF439BC000DE1D7 /* Accelerate.framework in Frameworks */,
				00B784B40FF439BC000DE1D7 /* AudioToolbox.framework in Frameworks */,
				00B784B50FF439BC000DE1D7 /* AudioUnit.framework in Frameworks */,
				00B784B60FF439BC000DE1D7 /* CoreAudio.framework in Frameworks */,
				00B9955A1B128DF400A5C623 /* IOKit.framework in Frameworks */,
				00B9955B1B128DF400A5C623 /* IOSurface.framework in Frameworks */,
			);
			runOnlyForDeploymentPostprocessing = 0;
		};
/* End PBXFrameworksBuildPhase section */

/* Begin PBXGroup section */
		01B97315FEAEA392516A2CEA /* Blocks */ = {
			isa = PBXGroup;
			children = (
				98C3F19DBA714AE9B58D1A5E /* Cinder-Pango */,
			);
			name = Blocks;
			sourceTree = "<group>";
		};
		080E96DDFE201D6D7F000001 /* Source */ = {
			isa = PBXGroup;
			children = (
				C8AF23B17F684DB8AFA65A71 /* TestApp.cpp */,
			);
			name = Source;
			sourceTree = "<group>";
		};
		1058C7A0FEA54F0111CA2CBB /* Linked Frameworks */ = {
			isa = PBXGroup;
			children = (
				006D720219952D00008149E2 /* AVFoundation.framework */,
				006D720319952D00008149E2 /* CoreMedia.framework */,
				00B784AF0FF439BC000DE1D7 /* Accelerate.framework */,
				00B784B00FF439BC000DE1D7 /* AudioToolbox.framework */,
				00B784B10FF439BC000DE1D7 /* AudioUnit.framework */,
				00B784B20FF439BC000DE1D7 /* CoreAudio.framework */,
				5323E6B10EAFCA74003A9687 /* CoreVideo.framework */,
				0091D8F80E81B9330029341E /* OpenGL.framework */,
				1058C7A1FEA54F0111CA2CBB /* Cocoa.framework */,
				00B995581B128DF400A5C623 /* IOKit.framework */,
				00B995591B128DF400A5C623 /* IOSurface.framework */,
			);
			name = "Linked Frameworks";
			sourceTree = "<group>";
		};
		1058C7A2FEA54F0111CA2CBB /* Other Frameworks */ = {
			isa = PBXGroup;
			children = (
				29B97324FDCFA39411CA2CEA /* AppKit.framework */,
				29B97325FDCFA39411CA2CEA /* Foundation.framework */,
			);
			name = "Other Frameworks";
			sourceTree = "<group>";
		};
		19C28FACFE9D520D11CA2CBB /* Products */ = {
			isa = PBXGroup;
			children = (
				8D1107320486CEB800E47090 /* Test.app */,
			);
			name = Products;
			sourceTree = "<group>";
		};
		29B97314FDCFA39411CA2CEA /* Test */ = {
			isa = PBXGroup;
			children = (
				01B97315FEAEA392516A2CEA /* Blocks */,
				29B97315FDCFA39411CA2CEA /* Headers */,
				080E96DDFE201D6D7F000001 /* Source */,
				29B97317FDCFA39411CA2CEA /* Resources */,
				29B97323FDCFA39411CA2CEA /* Frameworks */,
				19C28FACFE9D520D11CA2CBB /* Products */,
			);
			name = Test;
			sourceTree = "<group>";
		};
		29B97315FDCFA39411CA2CEA /* Headers */ = {
			isa = PBXGroup;
			children = (
				AEF6551384C0443D925D687E /* Resources.h */,
				C39DF4CF5156400289D86D1A /* Test_Prefix.pch */,
			);
			name = Headers;
			sourceTree = "<group>";
		};
		29B97317FDCFA39411CA2CEA /* Resources */ = {
			isa = PBXGroup;
			children = (
				82C75EE3CF2A497BAF764BB9 /* CinderApp.icns */,
				E1BE81CDD80B4F5EB34F1906 /* Info.plist */,
			);
			name = Resources;
			sourceTree = "<group>";
		};
		29B97323FDCFA39411CA2CEA /* Frameworks */ = {
			isa = PBXGroup;
			children = (
				1058C7A0FEA54F0111CA2CBB /* Linked Frameworks */,
				1058C7A2FEA54F0111CA2CBB /* Other Frameworks */,
			);
			name = Frameworks;
			sourceTree = "<group>";
		};
		2DF5693E9B3940C7830A542E /* include */ = {
			isa = PBXGroup;
			children = (
				B69DBB29F6E642FCA2AC1189 /* macosx */,
			);
			name = include;
			sourceTree = "<group>";
		};
		3CBA5317BCB34705941660EB /* harfbuzz */ = {
			isa = PBXGroup;
			children = (
				1EB6CD024C2E4F78A4823F30 /* hb-blob.h */,
				F5CE3D80935044AA816CCC8C /* hb-buffer.h */,
				9706159F441E40A4987D0EA1 /* hb-common.h */,
				FD72BD4C0DE2498E9B2F568B /* hb-coretext.h */,
				5E9DD5CA4D5344B982BC2B41 /* hb-deprecated.h */,
				9ECE9A4D7062422EB04A1365 /* hb-face.h */,
				7E2E4D2A9A594D9FBC174A8B /* hb-font.h */,
				BE10C4F31A0A497292F6757F /* hb-ft.h */,
				92E1538392DC42D0B86480CD /* hb-glib.h */,
				36392ED994D446E1A78C56AA /* hb-gobject-enums.h */,
				157A9F0677B54028B5789D62 /* hb-gobject-structs.h */,
				8C000803544D450A826C043D /* hb-gobject.h */,
				BA8FBAA0DD654745AF25FE20 /* hb-ot-font.h */,
				3932B197D338459F99E1EA11 /* hb-ot-layout.h */,
				D955E3A1486F4DC19E422FBA /* hb-ot-shape.h */,
				C1424137DB0D495E81A167EB /* hb-ot-tag.h */,
				64965326B3294591AA63AA22 /* hb-ot.h */,
				3CC404A312B94CF19E9F6CF9 /* hb-set.h */,
				116C421B5AA14453A811138F /* hb-shape-plan.h */,
				C29647D538F54D4E8865BBA0 /* hb-shape.h */,
				494D4B8E63D7409B8726122C /* hb-unicode.h */,
				FDE5312521BD423F88FFDB7E /* hb-version.h */,
				D7874FD42BAD480F9B0F67DA /* hb.h */,
			);
			name = harfbuzz;
			sourceTree = "<group>";
		};
		45564C4FF7DD445286EFDC02 /* pango-1.0 */ = {
			isa = PBXGroup;
			children = (
				F97D34C327CB41A2B64B040E /* pango */,
			);
			name = "pango-1.0";
			sourceTree = "<group>";
		};
		98C3F19DBA714AE9B58D1A5E /* Cinder-Pango */ = {
			isa = PBXGroup;
			children = (
				2DF5693E9B3940C7830A542E /* include */,
			);
			name = "Cinder-Pango";
			sourceTree = "<group>";
		};
		B69DBB29F6E642FCA2AC1189 /* macosx */ = {
			isa = PBXGroup;
			children = (
				3CBA5317BCB34705941660EB /* harfbuzz */,
				45564C4FF7DD445286EFDC02 /* pango-1.0 */,
			);
			name = macosx;
			sourceTree = "<group>";
		};
		F97D34C327CB41A2B64B040E /* pango */ = {
			isa = PBXGroup;
			children = (
				C9FAEB6D43A646E78CC91E9D /* pango-attributes.h */,
				CF29E83CDFB240D2A7ED4166 /* pango-bidi-type.h */,
				3051A76D93E849FBB27FD77A /* pango-break.h */,
				E972A8EB33CE4301AD556172 /* pango-context.h */,
				BD73638BD7D3429CB1EF27DE /* pango-coverage.h */,
				56A716FABE7C457ABD4D9114 /* pango-engine.h */,
				D775F35CEC404807BC05620A /* pango-enum-types.h */,
				ECFAC0CBF50945AFA8C9F79A /* pango-features.h */,
				05B54FE18C5A45B0B76ADC81 /* pango-font.h */,
				544286CEBA31446FAE9D650A /* pango-fontmap.h */,
				29635B81AF1044D2AB686336 /* pango-fontset.h */,
				150382CC1BFD4D31999CB05D /* pango-glyph-item.h */,
				93A14E53EBFE41F88AFCF2A0 /* pango-glyph.h */,
				08B539AF0EF64D9690826DF2 /* pango-gravity.h */,
				74C2C699DF5C485499CB5554 /* pango-item.h */,
				E231445B8E4D40548972457D /* pango-language.h */,
				F71D5E4E2C4C4E0186B40096 /* pango-layout.h */,
				593180F243B44703AE9B675D /* pango-matrix.h */,
				60B099BBB25745B7B4CA07E9 /* pango-modules.h */,
				4AF3A17022DE472181C04800 /* pango-ot.h */,
				4F0A50E5FD534E2B87B3AF5B /* pango-renderer.h */,
				F233D79B80434223A687575B /* pango-script.h */,
				A31F0DA144D640BB8A238497 /* pango-tabs.h */,
				0B2B48A6ABF44CC5808210C8 /* pango-types.h */,
				5809A2EF559D41AF89249CD6 /* pango-utils.h */,
				F0684FCF99B549E4807E31A0 /* pango.h */,
				621045BE86C34E94A3D758AD /* pangocairo.h */,
				53006A8E5188408DBEACF3BB /* pangocoretext.h */,
				FBAC1F1E526D4EFFB4D5B67F /* pangofc-decoder.h */,
				0EB743AA5C5F4CF3B446373B /* pangofc-font.h */,
				DBD58A421DB94E9C8970B72D /* pangofc-fontmap.h */,
				72835544E5B547E2A4A4F15F /* pangoft2.h */,
			);
			name = pango;
			sourceTree = "<group>";
		};
/* End PBXGroup section */

/* Begin PBXNativeTarget section */
		8D1107260486CEB800E47090 /* Test */ = {
			isa = PBXNativeTarget;
			buildConfigurationList = C01FCF4A08A954540054247B /* Build configuration list for PBXNativeTarget "Test" */;
			buildPhases = (
				8D1107290486CEB800E47090 /* Resources */,
				8D11072C0486CEB800E47090 /* Sources */,
				8D11072E0486CEB800E47090 /* Frameworks */,
			);
			buildRules = (
			);
			dependencies = (
			);
			name = Test;
			productInstallPath = "$(HOME)/Applications";
			productName = Test;
			productReference = 8D1107320486CEB800E47090 /* Test.app */;
			productType = "com.apple.product-type.application";
		};
/* End PBXNativeTarget section */

/* Begin PBXProject section */
		29B97313FDCFA39411CA2CEA /* Project object */ = {
			isa = PBXProject;
			attributes = {
			};
			buildConfigurationList = C01FCF4E08A954540054247B /* Build configuration list for PBXProject "Test" */;
			compatibilityVersion = "Xcode 3.2";
			developmentRegion = English;
			hasScannedForEncodings = 1;
			knownRegions = (
				English,
				Japanese,
				French,
				German,
			);
			mainGroup = 29B97314FDCFA39411CA2CEA /* Test */;
			projectDirPath = "";
			projectRoot = "";
			targets = (
				8D1107260486CEB800E47090 /* Test */,
			);
		};
/* End PBXProject section */

/* Begin PBXResourcesBuildPhase section */
		8D1107290486CEB800E47090 /* Resources */ = {
			isa = PBXResourcesBuildPhase;
			buildActionMask = 2147483647;
			files = (
				C2B732C2B32949CEA22ABC28 /* CinderApp.icns in Resources */,
			);
			runOnlyForDeploymentPostprocessing = 0;
		};
/* End PBXResourcesBuildPhase section */

/* Begin PBXSourcesBuildPhase section */
		8D11072C0486CEB800E47090 /* Sources */ = {
			isa = PBXSourcesBuildPhase;
			buildActionMask = 2147483647;
			files = (
				4D17ADABCB18461EBACEE747 /* TestApp.cpp in Sources */,
			);
			runOnlyForDeploymentPostprocessing = 0;
		};
/* End PBXSourcesBuildPhase section */

/* Begin XCBuildConfiguration section */
		C01FCF4B08A954540054247B /* Debug */ = {
			isa = XCBuildConfiguration;
			buildSettings = {
				COMBINE_HIDPI_IMAGES = YES;
				COPY_PHASE_STRIP = NO;
				DEAD_CODE_STRIPPING = YES;
				GCC_DYNAMIC_NO_PIC = NO;
				GCC_INLINES_ARE_PRIVATE_EXTERN = YES;
				GCC_OPTIMIZATION_LEVEL = 0;
				GCC_PRECOMPILE_PREFIX_HEADER = YES;
				GCC_PREFIX_HEADER = Test_Prefix.pch;
				GCC_PREPROCESSOR_DEFINITIONS = (
					"DEBUG=1",
					"$(inherited)",
				);
				GCC_SYMBOLS_PRIVATE_EXTERN = NO;
				INFOPLIST_FILE = Info.plist;
				INSTALL_PATH = "$(HOME)/Applications";
				MACOSX_DEPLOYMENT_TARGET = 10.11;
				OTHER_LDFLAGS = (
					"\"$(CINDER_PATH)/lib/macosx/$(CONFIGURATION)/libcinder.a\"",
					../../../lib/macosx/libcairo.a,
					"\"../../../lib/macosx/libpixman-1.a\"",
					../../../lib/macosx/libpng16.a,
					../../../lib/macosx/libharfbuzz.a,
					"\"../../../lib/macosx/libharfbuzz-gobject.a\"",
					"\"../../../lib/macosx/libgio-2.0.a\"",
					"\"../../../lib/macosx/libglib-2.0.a\"",
					"\"../../../lib/macosx/libgmodule-2.0.a\"",
					"\"../../../lib/macosx/libgobject-2.0.a\"",
					"\"../../../lib/macosx/libgthread-2.0.a\"",
					"\"../../../lib/macosx/libpango-1.0.a\"",
					"\"../../../lib/macosx/libpangocairo-1.0.a\"",
					"\"../../../lib/macosx/libpangoft2-1.0.a\"",
					../../../lib/macosx/libintl.a,
					../../../lib/macosx/libgettextpo.a,
					../../../lib/macosx/libasprintf.a,
					../../../lib/macosx/libfontconfig.a,
					../../../lib/macosx/libffi.a,
					"\"-liconv\"",
					"\"-lexpat\"",
				);
				PRODUCT_BUNDLE_IDENTIFIER = "org.libcinder.${PRODUCT_NAME:rfc1034identifier}";
				PRODUCT_NAME = Test;
				SYMROOT = ./build;
				WRAPPER_EXTENSION = app;
			};
			name = Debug;
		};
		C01FCF4C08A954540054247B /* Release */ = {
			isa = XCBuildConfiguration;
			buildSettings = {
				COMBINE_HIDPI_IMAGES = YES;
				DEAD_CODE_STRIPPING = YES;
				DEBUG_INFORMATION_FORMAT = "dwarf-with-dsym";
				GCC_FAST_MATH = YES;
				GCC_GENERATE_DEBUGGING_SYMBOLS = NO;
				GCC_INLINES_ARE_PRIVATE_EXTERN = YES;
				GCC_OPTIMIZATION_LEVEL = 3;
				GCC_PRECOMPILE_PREFIX_HEADER = YES;
				GCC_PREFIX_HEADER = Test_Prefix.pch;
				GCC_PREPROCESSOR_DEFINITIONS = (
					"NDEBUG=1",
					"$(inherited)",
				);
				GCC_SYMBOLS_PRIVATE_EXTERN = NO;
				INFOPLIST_FILE = Info.plist;
				INSTALL_PATH = "$(HOME)/Applications";
				MACOSX_DEPLOYMENT_TARGET = 10.11;
				OTHER_LDFLAGS = (
					"\"$(CINDER_PATH)/lib/macosx/$(CONFIGURATION)/libcinder.a\"",
					../../../lib/macosx/libcairo.a,
					"\"../../../lib/macosx/libpixman-1.a\"",
					../../../lib/macosx/libpng16.a,
					../../../lib/macosx/libharfbuzz.a,
					"\"../../../lib/macosx/libharfbuzz-gobject.a\"",
					"\"../../../lib/macosx/libgio-2.0.a\"",
					"\"../../../lib/macosx/libglib-2.0.a\"",
					"\"../../../lib/macosx/libgmodule-2.0.a\"",
					"\"../../../lib/macosx/libgobject-2.0.a\"",
					"\"../../../lib/macosx/libgthread-2.0.a\"",
					"\"../../../lib/macosx/libpango-1.0.a\"",
					"\"../../../lib/macosx/libpangocairo-1.0.a\"",
					"\"../../../lib/macosx/libpangoft2-1.0.a\"",
					../../../lib/macosx/libintl.a,
					../../../lib/macosx/libgettextpo.a,
					../../../lib/macosx/libasprintf.a,
					../../../lib/macosx/libfontconfig.a,
					../../../lib/macosx/libffi.a,
					"\"-liconv\"",
					"\"-lexpat\"",
				);
				PRODUCT_BUNDLE_IDENTIFIER = "org.libcinder.${PRODUCT_NAME:rfc1034identifier}";
				PRODUCT_NAME = Test;
				STRIP_INSTALLED_PRODUCT = YES;
				SYMROOT = ./build;
				WRAPPER_EXTENSION = app;
			};
			name = Release;
		};
		C01FCF4F08A954540054247B /* Debug */ = {
			isa = XCBuildConfiguration;
			buildSettings = {
				ALWAYS_SEARCH_USER_PATHS = NO;
				CINDER_PATH = ../../../../..;
				CLANG_CXX_LANGUAGE_STANDARD = "c++11";
				CLANG_CXX_LIBRARY = "libc++";
				ENABLE_TESTABILITY = YES;
				GCC_WARN_ABOUT_RETURN_TYPE = YES;
				GCC_WARN_UNUSED_VARIABLE = YES;
				HEADER_SEARCH_PATHS = (
					"\"$(CINDER_PATH)/include\"",
					../../../../../include/freetype,
					../../../include/macosx/cairo,
					../../../include/macosx/harfbuzz,
					../../../include/macosx,
					"\"../../../include/macosx/pango-1.0\"",
					"\"../../../include/macosx/glib-2.0\"",
				);
				MACOSX_DEPLOYMENT_TARGET = 10.8;
				ONLY_ACTIVE_ARCH = YES;
				SDKROOT = macosx;
				USER_HEADER_SEARCH_PATHS = "\"$(CINDER_PATH)/include\" ../include";
			};
			name = Debug;
		};
		C01FCF5008A954540054247B /* Release */ = {
			isa = XCBuildConfiguration;
			buildSettings = {
				ALWAYS_SEARCH_USER_PATHS = NO;
				CINDER_PATH = ../../../../..;
				CLANG_CXX_LANGUAGE_STANDARD = "c++11";
				CLANG_CXX_LIBRARY = "libc++";
				GCC_WARN_ABOUT_RETURN_TYPE = YES;
				GCC_WARN_UNUSED_VARIABLE = YES;
				HEADER_SEARCH_PATHS = (
					"\"$(CINDER_PATH)/include\"",
					../../../../../include/freetype,
					../../../include/macosx/cairo,
					../../../include/macosx/harfbuzz,
					../../../include/macosx,
					"\"../../../include/macosx/pango-1.0\"",
					"\"../../../include/macosx/glib-2.0\"",
				);
				MACOSX_DEPLOYMENT_TARGET = 10.8;
				SDKROOT = macosx;
				USER_HEADER_SEARCH_PATHS = "\"$(CINDER_PATH)/include\" ../include";
			};
			name = Release;
		};
/* End XCBuildConfiguration section */

/* Begin XCConfigurationList section */
		C01FCF4A08A954540054247B /* Build configuration list for PBXNativeTarget "Test" */ = {
			isa = XCConfigurationList;
			buildConfigurations = (
				C01FCF4B08A954540054247B /* Debug */,
				C01FCF4C08A954540054247B /* Release */,
			);
			defaultConfigurationIsVisible = 0;
			defaultConfigurationName = Release;
		};
		C01FCF4E08A954540054247B /* Build configuration list for PBXProject "Test" */ = {
			isa = XCConfigurationList;
			buildConfigurations = (
				C01FCF4F08A954540054247B /* Debug */,
				C01FCF5008A954540054247B /* Release */,
			);
			defaultConfigurationIsVisible = 0;
			defaultConfigurationName = Release;
		};
/* End XCConfigurationList section */
	};
	rootObject = 29B97313FDCFA39411CA2CEA /* Project object */;
}
